// !$*UTF8*$!
{
	archiveVersion = 1;
	classes = {
	};
	objectVersion = 46;
	objects = {

/* Begin PBXBuildFile section */
		4BA515781F1307D0006AA035 /* AppDelegate.swift in Sources */ = {isa = PBXBuildFile; fileRef = 4BA515771F1307D0006AA035 /* AppDelegate.swift */; };
		4BA5157A1F1307D0006AA035 /* FaceCameraController.swift in Sources */ = {isa = PBXBuildFile; fileRef = 4BA515791F1307D0006AA035 /* FaceCameraController.swift */; };
		4BA5157D1F1307D0006AA035 /* FaceCamera.storyboard in Resources */ = {isa = PBXBuildFile; fileRef = 4BA5157B1F1307D0006AA035 /* FaceCamera.storyboard */; };
		4BA5157F1F1307D0006AA035 /* Assets.xcassets in Resources */ = {isa = PBXBuildFile; fileRef = 4BA5157E1F1307D0006AA035 /* Assets.xcassets */; };
		4BA515821F1307D0006AA035 /* LaunchScreen.storyboard in Resources */ = {isa = PBXBuildFile; fileRef = 4BA515801F1307D0006AA035 /* LaunchScreen.storyboard */; };
		4BA5158A1F131196006AA035 /* FaceCameraExtension.swift in Sources */ = {isa = PBXBuildFile; fileRef = 4BA515891F131196006AA035 /* FaceCameraExtension.swift */; };
		4BA5158C1F131AED006AA035 /* AppConstants.swift in Sources */ = {isa = PBXBuildFile; fileRef = 4BA5158B1F131AED006AA035 /* AppConstants.swift */; };
		4BA5158E1F133F00006AA035 /* FaceManager.swift in Sources */ = {isa = PBXBuildFile; fileRef = 4BA5158D1F133F00006AA035 /* FaceManager.swift */; };
		4BA515901F134A76006AA035 /* FaceCameraViewModel.swift in Sources */ = {isa = PBXBuildFile; fileRef = 4BA5158F1F134A76006AA035 /* FaceCameraViewModel.swift */; };
		4BA515981F134AD8006AA035 /* FaceCell.swift in Sources */ = {isa = PBXBuildFile; fileRef = 4BA515971F134AD8006AA035 /* FaceCell.swift */; };
/* End PBXBuildFile section */

/* Begin PBXFileReference section */
		4BA515741F1307D0006AA035 /* MyFacePlus.app */ = {isa = PBXFileReference; explicitFileType = wrapper.application; includeInIndex = 0; path = MyFacePlus.app; sourceTree = BUILT_PRODUCTS_DIR; };
		4BA515771F1307D0006AA035 /* AppDelegate.swift */ = {isa = PBXFileReference; lastKnownFileType = sourcecode.swift; path = AppDelegate.swift; sourceTree = "<group>"; };
		4BA515791F1307D0006AA035 /* FaceCameraController.swift */ = {isa = PBXFileReference; lastKnownFileType = sourcecode.swift; path = FaceCameraController.swift; sourceTree = "<group>"; };
		4BA5157C1F1307D0006AA035 /* Base */ = {isa = PBXFileReference; lastKnownFileType = file.storyboard; name = Base; path = Base.lproj/FaceCamera.storyboard; sourceTree = "<group>"; };
		4BA5157E1F1307D0006AA035 /* Assets.xcassets */ = {isa = PBXFileReference; lastKnownFileType = folder.assetcatalog; path = Assets.xcassets; sourceTree = "<group>"; };
		4BA515811F1307D0006AA035 /* Base */ = {isa = PBXFileReference; lastKnownFileType = file.storyboard; name = Base; path = Base.lproj/LaunchScreen.storyboard; sourceTree = "<group>"; };
		4BA515831F1307D0006AA035 /* Info.plist */ = {isa = PBXFileReference; lastKnownFileType = text.plist.xml; path = Info.plist; sourceTree = "<group>"; };
		4BA515891F131196006AA035 /* FaceCameraExtension.swift */ = {isa = PBXFileReference; fileEncoding = 4; lastKnownFileType = sourcecode.swift; path = FaceCameraExtension.swift; sourceTree = "<group>"; };
		4BA5158B1F131AED006AA035 /* AppConstants.swift */ = {isa = PBXFileReference; fileEncoding = 4; lastKnownFileType = sourcecode.swift; path = AppConstants.swift; sourceTree = "<group>"; };
		4BA5158D1F133F00006AA035 /* FaceManager.swift */ = {isa = PBXFileReference; fileEncoding = 4; lastKnownFileType = sourcecode.swift; path = FaceManager.swift; sourceTree = "<group>"; };
		4BA5158F1F134A76006AA035 /* FaceCameraViewModel.swift */ = {isa = PBXFileReference; fileEncoding = 4; lastKnownFileType = sourcecode.swift; path = FaceCameraViewModel.swift; sourceTree = "<group>"; };
		4BA515971F134AD8006AA035 /* FaceCell.swift */ = {isa = PBXFileReference; fileEncoding = 4; lastKnownFileType = sourcecode.swift; path = FaceCell.swift; sourceTree = "<group>"; };
/* End PBXFileReference section */

/* Begin PBXFrameworksBuildPhase section */
		4BA515711F1307D0006AA035 /* Frameworks */ = {
			isa = PBXFrameworksBuildPhase;
			buildActionMask = 2147483647;
			files = (
			);
			runOnlyForDeploymentPostprocessing = 0;
		};
/* End PBXFrameworksBuildPhase section */

/* Begin PBXGroup section */
		4BA5156B1F1307D0006AA035 = {
			isa = PBXGroup;
			children = (
				4BA515761F1307D0006AA035 /* MyFacePlus */,
				4BA515751F1307D0006AA035 /* Products */,
			);
			sourceTree = "<group>";
		};
		4BA515751F1307D0006AA035 /* Products */ = {
			isa = PBXGroup;
			children = (
				4BA515741F1307D0006AA035 /* MyFacePlus.app */,
			);
			name = Products;
			sourceTree = "<group>";
		};
		4BA515761F1307D0006AA035 /* MyFacePlus */ = {
			isa = PBXGroup;
			children = (
				4BA515931F134A95006AA035 /* Resources */,
				4BA515941F134AA0006AA035 /* Source */,
			);
			path = MyFacePlus;
			sourceTree = "<group>";
		};
		4BA515911F134A7F006AA035 /* FaceCamera */ = {
			isa = PBXGroup;
			children = (
				4BA5157B1F1307D0006AA035 /* FaceCamera.storyboard */,
				4BA515791F1307D0006AA035 /* FaceCameraController.swift */,
				4BA515891F131196006AA035 /* FaceCameraExtension.swift */,
				4BA5158F1F134A76006AA035 /* FaceCameraViewModel.swift */,
				4BA515971F134AD8006AA035 /* FaceCell.swift */,
			);
			name = FaceCamera;
			sourceTree = "<group>";
		};
		4BA515921F134A8B006AA035 /* Common */ = {
			isa = PBXGroup;
			children = (
				4BA5158B1F131AED006AA035 /* AppConstants.swift */,
				4BA5158D1F133F00006AA035 /* FaceManager.swift */,
			);
			name = Common;
			sourceTree = "<group>";
		};
		4BA515931F134A95006AA035 /* Resources */ = {
			isa = PBXGroup;
			children = (
				4BA5157E1F1307D0006AA035 /* Assets.xcassets */,
				4BA515801F1307D0006AA035 /* LaunchScreen.storyboard */,
				4BA515831F1307D0006AA035 /* Info.plist */,
			);
			name = Resources;
			sourceTree = "<group>";
		};
		4BA515941F134AA0006AA035 /* Source */ = {
			isa = PBXGroup;
			children = (
				4BA515771F1307D0006AA035 /* AppDelegate.swift */,
				4BA515921F134A8B006AA035 /* Common */,
				4BA515911F134A7F006AA035 /* FaceCamera */,
			);
			name = Source;
			sourceTree = "<group>";
		};
/* End PBXGroup section */

/* Begin PBXNativeTarget section */
		4BA515731F1307D0006AA035 /* MyFacePlus */ = {
			isa = PBXNativeTarget;
			buildConfigurationList = 4BA515861F1307D0006AA035 /* Build configuration list for PBXNativeTarget "MyFacePlus" */;
			buildPhases = (
				4BA515701F1307D0006AA035 /* Sources */,
				4BA515711F1307D0006AA035 /* Frameworks */,
				4BA515721F1307D0006AA035 /* Resources */,
			);
			buildRules = (
			);
			dependencies = (
			);
			name = MyFacePlus;
			productName = MyFacePlus;
			productReference = 4BA515741F1307D0006AA035 /* MyFacePlus.app */;
			productType = "com.apple.product-type.application";
		};
/* End PBXNativeTarget section */

/* Begin PBXProject section */
		4BA5156C1F1307D0006AA035 /* Project object */ = {
			isa = PBXProject;
			attributes = {
				LastSwiftUpdateCheck = 0830;
				LastUpgradeCheck = 0830;
				ORGANIZATIONNAME = "RN-079";
				TargetAttributes = {
					4BA515731F1307D0006AA035 = {
						CreatedOnToolsVersion = 8.3.3;
						DevelopmentTeam = 2RW8Q6Y7W7;
						ProvisioningStyle = Automatic;
					};
				};
			};
			buildConfigurationList = 4BA5156F1F1307D0006AA035 /* Build configuration list for PBXProject "MyFacePlus" */;
			compatibilityVersion = "Xcode 3.2";
			developmentRegion = English;
			hasScannedForEncodings = 0;
			knownRegions = (
				en,
				Base,
			);
			mainGroup = 4BA5156B1F1307D0006AA035;
			productRefGroup = 4BA515751F1307D0006AA035 /* Products */;
			projectDirPath = "";
			projectRoot = "";
			targets = (
				4BA515731F1307D0006AA035 /* MyFacePlus */,
			);
		};
/* End PBXProject section */

/* Begin PBXResourcesBuildPhase section */
		4BA515721F1307D0006AA035 /* Resources */ = {
			isa = PBXResourcesBuildPhase;
			buildActionMask = 2147483647;
			files = (
				4BA515821F1307D0006AA035 /* LaunchScreen.storyboard in Resources */,
				4BA5157F1F1307D0006AA035 /* Assets.xcassets in Resources */,
				4BA5157D1F1307D0006AA035 /* FaceCamera.storyboard in Resources */,
			);
			runOnlyForDeploymentPostprocessing = 0;
		};
/* End PBXResourcesBuildPhase section */

/* Begin PBXSourcesBuildPhase section */
		4BA515701F1307D0006AA035 /* Sources */ = {
			isa = PBXSourcesBuildPhase;
			buildActionMask = 2147483647;
			files = (
				4BA5158A1F131196006AA035 /* FaceCameraExtension.swift in Sources */,
				4BA5157A1F1307D0006AA035 /* FaceCameraController.swift in Sources */,
				4BA515981F134AD8006AA035 /* FaceCell.swift in Sources */,
				4BA5158E1F133F00006AA035 /* FaceManager.swift in Sources */,
				4BA515781F1307D0006AA035 /* AppDelegate.swift in Sources */,
				4BA515901F134A76006AA035 /* FaceCameraViewModel.swift in Sources */,
				4BA5158C1F131AED006AA035 /* AppConstants.swift in Sources */,
			);
			runOnlyForDeploymentPostprocessing = 0;
		};
/* End PBXSourcesBuildPhase section */

/* Begin PBXVariantGroup section */
		4BA5157B1F1307D0006AA035 /* FaceCamera.storyboard */ = {
			isa = PBXVariantGroup;
			children = (
				4BA5157C1F1307D0006AA035 /* Base */,
			);
			name = FaceCamera.storyboard;
			sourceTree = "<group>";
		};
		4BA515801F1307D0006AA035 /* LaunchScreen.storyboard */ = {
			isa = PBXVariantGroup;
			children = (
				4BA515811F1307D0006AA035 /* Base */,
			);
			name = LaunchScreen.storyboard;
			sourceTree = "<group>";
		};
/* End PBXVariantGroup section */

/* Begin XCBuildConfiguration section */
		4BA515841F1307D0006AA035 /* Debug */ = {
			isa = XCBuildConfiguration;
			buildSettings = {
				ALWAYS_SEARCH_USER_PATHS = NO;
				CLANG_ANALYZER_NONNULL = YES;
				CLANG_ANALYZER_NUMBER_OBJECT_CONVERSION = YES_AGGRESSIVE;
				CLANG_CXX_LANGUAGE_STANDARD = "gnu++0x";
				CLANG_CXX_LIBRARY = "libc++";
				CLANG_ENABLE_MODULES = YES;
				CLANG_ENABLE_OBJC_ARC = YES;
				CLANG_WARN_BOOL_CONVERSION = YES;
				CLANG_WARN_CONSTANT_CONVERSION = YES;
				CLANG_WARN_DIRECT_OBJC_ISA_USAGE = YES_ERROR;
				CLANG_WARN_DOCUMENTATION_COMMENTS = YES;
				CLANG_WARN_EMPTY_BODY = YES;
				CLANG_WARN_ENUM_CONVERSION = YES;
				CLANG_WARN_INFINITE_RECURSION = YES;
				CLANG_WARN_INT_CONVERSION = YES;
				CLANG_WARN_OBJC_ROOT_CLASS = YES_ERROR;
				CLANG_WARN_SUSPICIOUS_MOVE = YES;
				CLANG_WARN_UNREACHABLE_CODE = YES;
				CLANG_WARN__DUPLICATE_METHOD_MATCH = YES;
				"CODE_SIGN_IDENTITY[sdk=iphoneos*]" = "iPhone Developer";
				COPY_PHASE_STRIP = NO;
				DEBUG_INFORMATION_FORMAT = dwarf;
				ENABLE_STRICT_OBJC_MSGSEND = YES;
				ENABLE_TESTABILITY = YES;
				GCC_C_LANGUAGE_STANDARD = gnu99;
				GCC_DYNAMIC_NO_PIC = NO;
				GCC_NO_COMMON_BLOCKS = YES;
				GCC_OPTIMIZATION_LEVEL = 0;
				GCC_PREPROCESSOR_DEFINITIONS = (
					"DEBUG=1",
					"$(inherited)",
				);
				GCC_WARN_64_TO_32_BIT_CONVERSION = YES;
				GCC_WARN_ABOUT_RETURN_TYPE = YES_ERROR;
				GCC_WARN_UNDECLARED_SELECTOR = YES;
				GCC_WARN_UNINITIALIZED_AUTOS = YES_AGGRESSIVE;
				GCC_WARN_UNUSED_FUNCTION = YES;
				GCC_WARN_UNUSED_VARIABLE = YES;
				IPHONEOS_DEPLOYMENT_TARGET = 10.3;
				MTL_ENABLE_DEBUG_INFO = YES;
				ONLY_ACTIVE_ARCH = YES;
				SDKROOT = iphoneos;
				SWIFT_ACTIVE_COMPILATION_CONDITIONS = DEBUG;
				SWIFT_OPTIMIZATION_LEVEL = "-Onone";
				TARGETED_DEVICE_FAMILY = "1,2";
			};
			name = Debug;
		};
		4BA515851F1307D0006AA035 /* Release */ = {
			isa = XCBuildConfiguration;
			buildSettings = {
				ALWAYS_SEARCH_USER_PATHS = NO;
				CLANG_ANALYZER_NONNULL = YES;
				CLANG_ANALYZER_NUMBER_OBJECT_CONVERSION = YES_AGGRESSIVE;
				CLANG_CXX_LANGUAGE_STANDARD = "gnu++0x";
				CLANG_CXX_LIBRARY = "libc++";
				CLANG_ENABLE_MODULES = YES;
				CLANG_ENABLE_OBJC_ARC = YES;
				CLANG_WARN_BOOL_CONVERSION = YES;
				CLANG_WARN_CONSTANT_CONVERSION = YES;
				CLANG_WARN_DIRECT_OBJC_ISA_USAGE = YES_ERROR;
				CLANG_WARN_DOCUMENTATION_COMMENTS = YES;
				CLANG_WARN_EMPTY_BODY = YES;
				CLANG_WARN_ENUM_CONVERSION = YES;
				CLANG_WARN_INFINITE_RECURSION = YES;
				CLANG_WARN_INT_CONVERSION = YES;
				CLANG_WARN_OBJC_ROOT_CLASS = YES_ERROR;
				CLANG_WARN_SUSPICIOUS_MOVE = YES;
				CLANG_WARN_UNREACHABLE_CODE = YES;
				CLANG_WARN__DUPLICATE_METHOD_MATCH = YES;
				"CODE_SIGN_IDENTITY[sdk=iphoneos*]" = "iPhone Developer";
				COPY_PHASE_STRIP = NO;
				DEBUG_INFORMATION_FORMAT = "dwarf-with-dsym";
				ENABLE_NS_ASSERTIONS = NO;
				ENABLE_STRICT_OBJC_MSGSEND = YES;
				GCC_C_LANGUAGE_STANDARD = gnu99;
				GCC_NO_COMMON_BLOCKS = YES;
				GCC_WARN_64_TO_32_BIT_CONVERSION = YES;
				GCC_WARN_ABOUT_RETURN_TYPE = YES_ERROR;
				GCC_WARN_UNDECLARED_SELECTOR = YES;
				GCC_WARN_UNINITIALIZED_AUTOS = YES_AGGRESSIVE;
				GCC_WARN_UNUSED_FUNCTION = YES;
				GCC_WARN_UNUSED_VARIABLE = YES;
				IPHONEOS_DEPLOYMENT_TARGET = 10.3;
				MTL_ENABLE_DEBUG_INFO = NO;
				SDKROOT = iphoneos;
				SWIFT_OPTIMIZATION_LEVEL = "-Owholemodule";
				TARGETED_DEVICE_FAMILY = "1,2";
				VALIDATE_PRODUCT = YES;
			};
			name = Release;
		};
		4BA515871F1307D0006AA035 /* Debug */ = {
			isa = XCBuildConfiguration;
			buildSettings = {
				ASSETCATALOG_COMPILER_APPICON_NAME = AppIcon;
				DEVELOPMENT_TEAM = 2RW8Q6Y7W7;
				INFOPLIST_FILE = MyFacePlus/Info.plist;
				IPHONEOS_DEPLOYMENT_TARGET = 9.0;
				LD_RUNPATH_SEARCH_PATHS = "$(inherited) @executable_path/Frameworks";
				PRODUCT_BUNDLE_IDENTIFIER = org.kaka.MyFacePlus;
				PRODUCT_NAME = "$(TARGET_NAME)";
				SWIFT_VERSION = 3.0;
			};
			name = Debug;
		};
		4BA515881F1307D0006AA035 /* Release */ = {
			isa = XCBuildConfiguration;
			buildSettings = {
				ASSETCATALOG_COMPILER_APPICON_NAME = AppIcon;
				DEVELOPMENT_TEAM = 2RW8Q6Y7W7;
				INFOPLIST_FILE = MyFacePlus/Info.plist;
				IPHONEOS_DEPLOYMENT_TARGET = 9.0;
				LD_RUNPATH_SEARCH_PATHS = "$(inherited) @executable_path/Frameworks";
				PRODUCT_BUNDLE_IDENTIFIER = org.kaka.MyFacePlus;
				PRODUCT_NAME = "$(TARGET_NAME)";
				SWIFT_VERSION = 3.0;
			};
			name = Release;
		};
/* End XCBuildConfiguration section */

/* Begin XCConfigurationList section */
		4BA5156F1F1307D0006AA035 /* Build configuration list for PBXProject "MyFacePlus" */ = {
			isa = XCConfigurationList;
			buildConfigurations = (
				4BA515841F1307D0006AA035 /* Debug */,
				4BA515851F1307D0006AA035 /* Release */,
			);
			defaultConfigurationIsVisible = 0;
			defaultConfigurationName = Release;
		};
		4BA515861F1307D0006AA035 /* Build configuration list for PBXNativeTarget "MyFacePlus" */ = {
			isa = XCConfigurationList;
			buildConfigurations = (
				4BA515871F1307D0006AA035 /* Debug */,
				4BA515881F1307D0006AA035 /* Release */,
			);
			defaultConfigurationIsVisible = 0;
			defaultConfigurationName = Release;
		};
/* End XCConfigurationList section */
	};
	rootObject = 4BA5156C1F1307D0006AA035 /* Project object */;
}
